PODS:
  - audio_waveforms (0.0.1):
    - Flutter
  - BanubaARCloudSDK (1.39.0)
  - BanubaAudioBrowserSDK (1.39.0)
  - BanubaLicenseServicingSDK (1.39.0)
  - BanubaPhotoEditorSDK (1.2.5):
    - BanubaLicenseServicingSDK (>= 1.38.0)
    - BanubaUtilities (>= 1.38.0)
    - BNBAcneEyebagsRemoval (~> 1.16.0)
    - BNBBackground (~> 1.16.0)
    - BNBEffectPlayer (~> 1.16.0)
    - BNBEyes (~> 1.16.0)
    - BNBHair (~> 1.16.0)
    - BNBLicenseUtils (>= 1.38.0)
    - BNBLips (~> 1.16.0)
    - BNBScripting (~> 1.16.0)
    - BNBSdkApi (~> 1.16.0)
    - BNBSdkCore (~> 1.16.0)
    - BNBSkin (~> 1.16.0)
  - BanubaSDK (1.39.0):
    - BNBBackground (~> 1.16.0)
    - BNBEffectPlayer (~> 1.16.0)
    - BNBEyes (~> 1.16.0)
    - BNBHair (~> 1.16.0)
    - BNBLips (~> 1.16.0)
    - BNBScripting (~> 1.16.0)
    - BNBSdkApi (~> 1.16.0)
    - BNBSdkCore (~> 1.16.0)
    - BNBSkin (~> 1.16.0)
  - BanubaSDKServicing (1.39.0)
  - BanubaSDKSimple (1.39.0)
  - BanubaUtilities (1.39.0)
  - BanubaVideoEditorGallerySDK (1.39.0)
  - BanubaVideoEditorSDK (1.39.0)
  - BNBAcneEyebagsRemoval (1.16.0):
    - BNBEffectPlayer (= 1.16.0)
    - BNBFaceTracker (= 1.16.0)
    - BNBScripting (= 1.16.0)
    - BNBSdkCore (= 1.16.0)
  - BNBBackground (1.16.0):
    - BNBEffectPlayer (= 1.16.0)
    - BNBScripting (= 1.16.0)
    - BNBSdkCore (= 1.16.0)
  - BNBEffectPlayer (1.16.0)
  - BNBEyes (1.16.0):
    - BNBEffectPlayer (= 1.16.0)
    - BNBFaceTracker (= 1.16.0)
    - BNBScripting (= 1.16.0)
    - BNBSdkCore (= 1.16.0)
  - BNBFaceTracker (1.16.0):
    - BNBEffectPlayer (= 1.16.0)
    - BNBScripting (= 1.16.0)
    - BNBSdkCore (= 1.16.0)
  - BNBHair (1.16.0):
    - BNBEffectPlayer (= 1.16.0)
    - BNBScripting (= 1.16.0)
    - BNBSdkCore (= 1.16.0)
  - BNBLicenseUtils (1.39.0)
  - BNBLips (1.16.0):
    - BNBEffectPlayer (= 1.16.0)
    - BNBFaceTracker (= 1.16.0)
    - BNBScripting (= 1.16.0)
    - BNBSdkCore (= 1.16.0)
  - BNBScripting (1.16.0)
  - BNBSdkApi (1.16.0):
    - BNBSdkCore (= 1.16.0)
  - BNBSdkCore (1.16.0)
  - BNBSkin (1.16.0):
    - BNBEffectPlayer (= 1.16.0)
    - BNBScripting (= 1.16.0)
    - BNBSdkCore (= 1.16.0)
  - camera_avfoundation (0.0.1):
    - Flutter
  - device_info_plus (0.0.1):
    - Flutter
  - DKImagePickerController/Core (4.3.9):
    - DKImagePickerController/ImageDataManager
    - DKImagePickerController/Resource
  - DKImagePickerController/ImageDataManager (4.3.9)
  - DKImagePickerController/PhotoGallery (4.3.9):
    - DKImagePickerController/Core
    - DKPhotoGallery
  - DKImagePickerController/Resource (4.3.9)
  - DKPhotoGallery (0.0.19):
    - DKPhotoGallery/Core (= 0.0.19)
    - DKPhotoGallery/Model (= 0.0.19)
    - DKPhotoGallery/Preview (= 0.0.19)
    - DKPhotoGallery/Resource (= 0.0.19)
    - SDWebImage
    - SwiftyGif
  - DKPhotoGallery/Core (0.0.19):
    - DKPhotoGallery/Model
    - DKPhotoGallery/Preview
    - SDWebImage
    - SwiftyGif
  - DKPhotoGallery/Model (0.0.19):
    - SDWebImage
    - SwiftyGif
  - DKPhotoGallery/Preview (0.0.19):
    - DKPhotoGallery/Model
    - DKPhotoGallery/Resource
    - SDWebImage
    - SwiftyGif
  - DKPhotoGallery/Resource (0.0.19):
    - SDWebImage
    - SwiftyGif
  - ffmpeg-kit-ios-full-gpl (6.0)
  - ffmpeg_kit_flutter_full_gpl (6.0.3):
    - ffmpeg_kit_flutter_full_gpl/full-gpl (= 6.0.3)
    - Flutter
  - ffmpeg_kit_flutter_full_gpl/full-gpl (6.0.3):
    - ffmpeg-kit-ios-full-gpl (= 6.0)
    - Flutter
  - file_picker (0.0.1):
    - DKImagePickerController/PhotoGallery
    - Flutter
  - file_saver (0.0.1):
    - Flutter
  - Flutter (1.0.0)
  - flutter_keyboard_visibility (0.0.1):
    - Flutter
  - flutter_secure_storage (6.0.0):
    - Flutter
  - image_cropper (0.0.4):
    - Flutter
    - TOCropViewController (~> 2.7.4)
  - image_picker_ios (0.0.1):
    - Flutter
  - local_auth_darwin (0.0.1):
    - Flutter
    - FlutterMacOS
  - MTBBarcodeScanner (5.0.11)
  - package_info_plus (0.4.5):
    - Flutter
  - passkeys_ios (0.0.1):
    - Flutter
  - path_provider_foundation (0.0.1):
    - Flutter
    - FlutterMacOS
  - permission_handler_apple (9.3.0):
    - Flutter
  - photo_manager (2.0.0):
    - Flutter
    - FlutterMacOS
  - qr_code_scanner (0.2.0):
    - Flutter
    - MTBBarcodeScanner
  - quill_native_bridge (0.0.1):
    - Flutter
  - SDWebImage (5.19.7):
    - SDWebImage/Core (= 5.19.7)
  - SDWebImage/Core (5.19.7)
  - share_plus (0.0.1):
    - Flutter
  - shared_preferences_foundation (0.0.1):
    - Flutter
    - FlutterMacOS
  - sqflite (0.0.3):
    - Flutter
    - FlutterMacOS
  - sqlite3 (3.47.1):
    - sqlite3/common (= 3.47.1)
  - sqlite3/common (3.47.1)
  - sqlite3/dbstatvtab (3.47.1):
    - sqlite3/common
  - sqlite3/fts5 (3.47.1):
    - sqlite3/common
  - sqlite3/perf-threadsafe (3.47.1):
    - sqlite3/common
  - sqlite3/rtree (3.47.1):
    - sqlite3/common
  - sqlite3_flutter_libs (0.0.1):
    - Flutter
    - FlutterMacOS
    - sqlite3 (~> 3.47.1)
    - sqlite3/dbstatvtab
    - sqlite3/fts5
    - sqlite3/perf-threadsafe
    - sqlite3/rtree
  - SwiftyGif (5.4.5)
  - TOCropViewController (2.7.4)
  - ua_client_hints (1.3.1):
    - Flutter
  - url_launcher_ios (0.0.1):
    - Flutter
  - ve_sdk_flutter (0.0.1):
    - BanubaARCloudSDK (= 1.39.0)
    - BanubaAudioBrowserSDK (= 1.39.0)
    - BanubaLicenseServicingSDK (= 1.39.0)
    - BanubaSDK (= 1.39.0)
    - BanubaSDKServicing (= 1.39.0)
    - BanubaSDKSimple (= 1.39.0)
    - BanubaUtilities (= 1.39.0)
    - BanubaVideoEditorGallerySDK (= 1.39.0)
    - BanubaVideoEditorSDK (= 1.39.0)
    - BNBLicenseUtils (= 1.39.0)
    - Flutter
    - VEEffectsSDK (= 1.39.0)
    - VEExportSDK (= 1.39.0)
    - VEPlaybackSDK (= 1.39.0)
    - VideoEditor (= 1.39.0)
  - VEEffectsSDK (1.39.0)
  - VEExportSDK (1.39.0)
  - VEPlaybackSDK (1.39.0)
  - video_player_avfoundation (0.0.1):
    - Flutter
    - FlutterMacOS
  - VideoEditor (1.39.0)

DEPENDENCIES:
  - audio_waveforms (from `.symlinks/plugins/audio_waveforms/ios`)
  - BanubaPhotoEditorSDK (= 1.2.5)
  - camera_avfoundation (from `.symlinks/plugins/camera_avfoundation/ios`)
  - device_info_plus (from `.symlinks/plugins/device_info_plus/ios`)
  - ffmpeg_kit_flutter_full_gpl (from `.symlinks/plugins/ffmpeg_kit_flutter_full_gpl/ios`)
  - file_picker (from `.symlinks/plugins/file_picker/ios`)
  - file_saver (from `.symlinks/plugins/file_saver/ios`)
  - Flutter (from `Flutter`)
  - flutter_keyboard_visibility (from `.symlinks/plugins/flutter_keyboard_visibility/ios`)
  - flutter_secure_storage (from `.symlinks/plugins/flutter_secure_storage/ios`)
  - image_cropper (from `.symlinks/plugins/image_cropper/ios`)
  - image_picker_ios (from `.symlinks/plugins/image_picker_ios/ios`)
  - local_auth_darwin (from `.symlinks/plugins/local_auth_darwin/darwin`)
  - package_info_plus (from `.symlinks/plugins/package_info_plus/ios`)
  - passkeys_ios (from `.symlinks/plugins/passkeys_ios/ios`)
  - path_provider_foundation (from `.symlinks/plugins/path_provider_foundation/darwin`)
  - permission_handler_apple (from `.symlinks/plugins/permission_handler_apple/ios`)
  - photo_manager (from `.symlinks/plugins/photo_manager/ios`)
  - qr_code_scanner (from `.symlinks/plugins/qr_code_scanner/ios`)
  - quill_native_bridge (from `.symlinks/plugins/quill_native_bridge/ios`)
  - share_plus (from `.symlinks/plugins/share_plus/ios`)
  - shared_preferences_foundation (from `.symlinks/plugins/shared_preferences_foundation/darwin`)
  - sqflite (from `.symlinks/plugins/sqflite/darwin`)
  - sqlite3_flutter_libs (from `.symlinks/plugins/sqlite3_flutter_libs/darwin`)
  - ua_client_hints (from `.symlinks/plugins/ua_client_hints/ios`)
  - url_launcher_ios (from `.symlinks/plugins/url_launcher_ios/ios`)
  - ve_sdk_flutter (from `.symlinks/plugins/ve_sdk_flutter/ios`)
  - video_player_avfoundation (from `.symlinks/plugins/video_player_avfoundation/darwin`)

SPEC REPOS:
  https://github.com/Banuba/specs.git:
    - BanubaARCloudSDK
    - BanubaAudioBrowserSDK
    - BanubaLicenseServicingSDK
    - BanubaPhotoEditorSDK
    - BanubaSDK
    - BanubaSDKServicing
    - BanubaSDKSimple
    - BanubaUtilities
    - BanubaVideoEditorGallerySDK
    - BanubaVideoEditorSDK
    - BNBLicenseUtils
    - VEEffectsSDK
    - VEExportSDK
    - VEPlaybackSDK
    - VideoEditor
  https://github.com/CocoaPods/Specs.git:
    - sqlite3
  https://github.com/sdk-banuba/banuba-sdk-podspecs.git:
    - BNBAcneEyebagsRemoval
    - BNBBackground
    - BNBEffectPlayer
    - BNBEyes
    - BNBFaceTracker
    - BNBHair
    - BNBLips
    - BNBScripting
    - BNBSdkApi
    - BNBSdkCore
    - BNBSkin
  trunk:
    - DKImagePickerController
    - DKPhotoGallery
    - ffmpeg-kit-ios-full-gpl
    - MTBBarcodeScanner
    - SDWebImage
    - SwiftyGif
    - TOCropViewController

EXTERNAL SOURCES:
  audio_waveforms:
    :path: ".symlinks/plugins/audio_waveforms/ios"
  camera_avfoundation:
    :path: ".symlinks/plugins/camera_avfoundation/ios"
  device_info_plus:
    :path: ".symlinks/plugins/device_info_plus/ios"
  ffmpeg_kit_flutter_full_gpl:
    :path: ".symlinks/plugins/ffmpeg_kit_flutter_full_gpl/ios"
  file_picker:
    :path: ".symlinks/plugins/file_picker/ios"
  file_saver:
    :path: ".symlinks/plugins/file_saver/ios"
  Flutter:
    :path: Flutter
  flutter_keyboard_visibility:
    :path: ".symlinks/plugins/flutter_keyboard_visibility/ios"
  flutter_secure_storage:
    :path: ".symlinks/plugins/flutter_secure_storage/ios"
  image_cropper:
    :path: ".symlinks/plugins/image_cropper/ios"
  image_picker_ios:
    :path: ".symlinks/plugins/image_picker_ios/ios"
  local_auth_darwin:
    :path: ".symlinks/plugins/local_auth_darwin/darwin"
  package_info_plus:
    :path: ".symlinks/plugins/package_info_plus/ios"
  passkeys_ios:
    :path: ".symlinks/plugins/passkeys_ios/ios"
  path_provider_foundation:
    :path: ".symlinks/plugins/path_provider_foundation/darwin"
  permission_handler_apple:
    :path: ".symlinks/plugins/permission_handler_apple/ios"
  photo_manager:
    :path: ".symlinks/plugins/photo_manager/ios"
  qr_code_scanner:
    :path: ".symlinks/plugins/qr_code_scanner/ios"
  quill_native_bridge:
    :path: ".symlinks/plugins/quill_native_bridge/ios"
  share_plus:
    :path: ".symlinks/plugins/share_plus/ios"
  shared_preferences_foundation:
    :path: ".symlinks/plugins/shared_preferences_foundation/darwin"
  sqflite:
    :path: ".symlinks/plugins/sqflite/darwin"
  sqlite3_flutter_libs:
    :path: ".symlinks/plugins/sqlite3_flutter_libs/darwin"
  ua_client_hints:
    :path: ".symlinks/plugins/ua_client_hints/ios"
  url_launcher_ios:
    :path: ".symlinks/plugins/url_launcher_ios/ios"
  ve_sdk_flutter:
    :path: ".symlinks/plugins/ve_sdk_flutter/ios"
  video_player_avfoundation:
    :path: ".symlinks/plugins/video_player_avfoundation/darwin"

SPEC CHECKSUMS:
  audio_waveforms: cd736909ebc6b6a164eb74701d8c705ce3241e1c
  BanubaARCloudSDK: 40da62afeea642301ca8092600c9bb9cf67fe30e
  BanubaAudioBrowserSDK: 3a92807e60daa70dcaa1e76920abab97e7a73bf4
  BanubaLicenseServicingSDK: f2b51a4288d6b9796063855f5db6dc227819de22
  BanubaPhotoEditorSDK: 4bc36ccdb69dc0165ba81d770f4e7fec9f544477
  BanubaSDK: 50fe306f8237027a2eb68a3087fc4ab31ace2af5
  BanubaSDKServicing: 2ad67c2471efe66851e2f9449f7d15f466974dc6
  BanubaSDKSimple: b2a2e3b5619f683d8a6c3783b3976950e8d4157a
  BanubaUtilities: 4ca45fcd7a6b5d246b75f02fd3f36b43d2dbebd3
  BanubaVideoEditorGallerySDK: 6d775728f14ab78e210d86058166e3deb3fc3814
  BanubaVideoEditorSDK: 1b8d56004f147c0ed96077f8171247efbc0511e7
  BNBAcneEyebagsRemoval: 7911b43363b621e7855aea935f31383d0c3c5a84
  BNBBackground: 4007ddf58588bfe962c09ee315d4cdf245da6efe
  BNBEffectPlayer: 4c44c3f0c6776a1f2ba3094bd1ec82b7b149ce2a
  BNBEyes: eb0d0da3c6d588f74d2812306b8172c23f26576d
  BNBFaceTracker: ff15ab7e9c0d01073de722a0d778f64998ee53a0
  BNBHair: 883a6ce6832d4b8a3acf5c83d75ba7337fc66ab2
  BNBLicenseUtils: a075f2e799b177accd88f1285698d847adda3631
  BNBLips: eaf2e9f44ef91af408c60f9500c17fa0af9ce89c
  BNBScripting: fd3b0f7e376d75bb972ab59426a08e0b220df4b2
  BNBSdkApi: 348235c9fa1b453470282c0b254a0b6dc9cf51c9
  BNBSdkCore: f2afd9616a236f30a6dd8510f35269e41970de8b
  BNBSkin: 6d3392fafdd9f19455be4a89021219b40b54ceb1
  camera_avfoundation: dd002b0330f4981e1bbcb46ae9b62829237459a4
  device_info_plus: 97af1d7e84681a90d0693e63169a5d50e0839a0d
  DKImagePickerController: 946cec48c7873164274ecc4624d19e3da4c1ef3c
  DKPhotoGallery: b3834fecb755ee09a593d7c9e389d8b5d6deed60
  ffmpeg-kit-ios-full-gpl: 80adc341962e55ef709e36baa8ed9a70cf4ea62b
  ffmpeg_kit_flutter_full_gpl: 8d15c14c0c3aba616fac04fe44b3d27d02e3c330
  file_picker: 09aa5ec1ab24135ccd7a1621c46c84134bfd6655
  file_saver: 503e386464dbe118f630e17b4c2e1190fa0cf808
  Flutter: e0871f40cf51350855a761d2e70bf5af5b9b5de7
  flutter_keyboard_visibility: 0339d06371254c3eb25eeb90ba8d17dca8f9c069
  flutter_secure_storage: d33dac7ae2ea08509be337e775f6b59f1ff45f12
  image_cropper: 37d40f62177c101ff4c164906d259ea2c3aa70cf
  image_picker_ios: c560581cceedb403a6ff17f2f816d7fea1421fc1
  local_auth_darwin: 66e40372f1c29f383a314c738c7446e2f7fdadc3
  MTBBarcodeScanner: f453b33c4b7dfe545d8c6484ed744d55671788cb
  package_info_plus: 115f4ad11e0698c8c1c5d8a689390df880f47e85
  passkeys_ios: fdae8c06e2178a9fcb9261a6cb21fb9a06a81d53
  path_provider_foundation: 2b6b4c569c0fb62ec74538f866245ac84301af46
  permission_handler_apple: 9878588469a2b0d0fc1e048d9f43605f92e6cec2
  photo_manager: ff695c7a1dd5bc379974953a2b5c0a293f7c4c8a
  qr_code_scanner: bb67d64904c3b9658ada8c402e8b4d406d5d796e
  quill_native_bridge: e5afa7d49c08cf68c52a5e23bc272eba6925c622
  SDWebImage: 8a6b7b160b4d710e2a22b6900e25301075c34cb3
  share_plus: 8875f4f2500512ea181eef553c3e27dba5135aad
  shared_preferences_foundation: fcdcbc04712aee1108ac7fda236f363274528f78
  sqflite: 673a0e54cc04b7d6dba8d24fb8095b31c3a99eec
  sqlite3: 1e522f0938463e44b7faf50393b40bdc1e1e456d
  sqlite3_flutter_libs: 1b4e98da20ebd4e9b1240269b78cdcf492dbe9f3
  SwiftyGif: 706c60cf65fa2bc5ee0313beece843c8eb8194d4
  TOCropViewController: 80b8985ad794298fb69d3341de183f33d1853654
  ua_client_hints: 3b617011e47bea4b1ea65647efa12860b7280ad5
  url_launcher_ios: 5334b05cef931de560670eeae103fd3e431ac3fe
  ve_sdk_flutter: c90ec3fc424953a7b82cd1edd5143bc756899e92
  VEEffectsSDK: 40dca6a76aeff8630ce1b49ef7643d2a2655dd0f
  VEExportSDK: 32e97cf98ecbf86aed563fbd4c9131d7bbddbe92
  VEPlaybackSDK: 65bb7377c9c8524557d7b5d6723e321fc16fc4a1
  video_player_avfoundation: 7c6c11d8470e1675df7397027218274b6d2360b3
  VideoEditor: b3e55fe6a6589e715365da822172f54b6fea8169

PODFILE CHECKSUM: f19afb20048b05a04dbc809ad7d199f1df053e9a

COCOAPODS: 1.16.2
